
Microsoft Visual Studio Solution File, Format Version 12.00
# Visual Studio Version 17
VisualStudioVersion = 17.4.33110.190
MinimumVisualStudioVersion = 10.0.40219.1
Project("{FAE04EC0-301F-11D3-BF4B-00C04F79EFBC}") = "LendoCoordenadas", "LendoCoordenadas.csproj", "{E1FD5C25-C08B-4764-BB3F-1D1F955BC447}"
EndProject
Global
	GlobalSection(SolutionConfigurationPlatforms) = preSolution
		Debug|Any CPU = Debug|Any CPU
		Release|Any CPU = Release|Any CPU
	EndGlobalSection
	GlobalSection(ProjectConfigurationPlatforms) = postSolution
		{E1FD5C25-C08B-4764-BB3F-1D1F955BC447}.Debug|Any CPU.ActiveCfg = Debug|Any CPU
		{E1FD5C25-C08B-4764-BB3F-1D1F955BC447}.Debug|Any CPU.Build.0 = Debug|Any CPU
		{E1FD5C25-C08B-4764-BB3F-1D1F955BC447}.Release|Any CPU.ActiveCfg = Release|Any CPU
		{E1FD5C25-C08B-4764-BB3F-1D1F955BC447}.Release|Any CPU.Build.0 = Release|Any CPU
	EndGlobalSection
	GlobalSection(SolutionProperties) = preSolution
		HideSolutionNode = FALSE
	EndGlobalSection
	GlobalSection(ExtensibilityGlobals) = postSolution
		SolutionGuid = {907CF4FD-CAB0-44D4-990D-09DF5C747E38}
	EndGlobalSection
EndGlobal
